
Microsoft Visual Studio Solution File, Format Version 12.00
# Visual Studio Version 17
VisualStudioVersion = 17.14.36623.8 d17.14
MinimumVisualStudioVersion = 10.0.40219.1
Project("{FAE04EC0-301F-11D3-BF4B-00C04F79EFBC}") = "AppConsole", "AppConsole.csproj", "{5903FCE6-1FF5-49FE-A8C8-0E7635FBD4FC}"
EndProject
Global
	GlobalSection(SolutionConfigurationPlatforms) = preSolution
		Debug|Any CPU = Debug|Any CPU
		Release|Any CPU = Release|Any CPU
	EndGlobalSection
	GlobalSection(ProjectConfigurationPlatforms) = postSolution
		{5903FCE6-1FF5-49FE-A8C8-0E7635FBD4FC}.Debug|Any CPU.ActiveCfg = Debug|Any CPU
		{5903FCE6-1FF5-49FE-A8C8-0E7635FBD4FC}.Debug|Any CPU.Build.0 = Debug|Any CPU
		{5903FCE6-1FF5-49FE-A8C8-0E7635FBD4FC}.Release|Any CPU.ActiveCfg = Release|Any CPU
		{5903FCE6-1FF5-49FE-A8C8-0E7635FBD4FC}.Release|Any CPU.Build.0 = Release|Any CPU
	EndGlobalSection
	GlobalSection(SolutionProperties) = preSolution
		HideSolutionNode = FALSE
	EndGlobalSection
	GlobalSection(ExtensibilityGlobals) = postSolution
		SolutionGuid = {38563E28-64DA-4B06-BFE3-7C0B28714F7C}
	EndGlobalSection
EndGlobal
